// !$*UTF8*$!
{
	archiveVersion = 1;
	classes = {
	};
	objectVersion = 56;
	objects = {

/* Begin PBXBuildFile section */
		464C01482C98C4EA000C4833 /* tick.mp3 in Resources */ = {isa = PBXBuildFile; fileRef = 464C01472C98C4EA000C4833 /* tick.mp3 */; };
		46A375BA2C98BD020021136A /* Clock_SwiftUIApp.swift in Sources */ = {isa = PBXBuildFile; fileRef = 46A375B92C98BD020021136A /* Clock_SwiftUIApp.swift */; };
		46A375BC2C98BD020021136A /* ContentView.swift in Sources */ = {isa = PBXBuildFile; fileRef = 46A375BB2C98BD020021136A /* ContentView.swift */; };
		46A375BE2C98BD030021136A /* Assets.xcassets in Resources */ = {isa = PBXBuildFile; fileRef = 46A375BD2C98BD030021136A /* Assets.xcassets */; };
		46A375C22C98BD030021136A /* Preview Assets.xcassets in Resources */ = {isa = PBXBuildFile; fileRef = 46A375C12C98BD030021136A /* Preview Assets.xcassets */; };
		46A375CC2C98BD030021136A /* Clock_SwiftUITests.swift in Sources */ = {isa = PBXBuildFile; fileRef = 46A375CB2C98BD030021136A /* Clock_SwiftUITests.swift */; };
		46A375D62C98BD030021136A /* Clock_SwiftUIUITests.swift in Sources */ = {isa = PBXBuildFile; fileRef = 46A375D52C98BD030021136A /* Clock_SwiftUIUITests.swift */; };
		46A375D82C98BD030021136A /* Clock_SwiftUIUITestsLaunchTests.swift in Sources */ = {isa = PBXBuildFile; fileRef = 46A375D72C98BD030021136A /* Clock_SwiftUIUITestsLaunchTests.swift */; };
/* End PBXBuildFile section */

/* Begin PBXContainerItemProxy section */
		46A375C82C98BD030021136A /* PBXContainerItemProxy */ = {
			isa = PBXContainerItemProxy;
			containerPortal = 46A375AE2C98BD020021136A /* Project object */;
			proxyType = 1;
			remoteGlobalIDString = 46A375B52C98BD020021136A;
			remoteInfo = "Clock-SwiftUI";
		};
		46A375D22C98BD030021136A /* PBXContainerItemProxy */ = {
			isa = PBXContainerItemProxy;
			containerPortal = 46A375AE2C98BD020021136A /* Project object */;
			proxyType = 1;
			remoteGlobalIDString = 46A375B52C98BD020021136A;
			remoteInfo = "Clock-SwiftUI";
		};
/* End PBXContainerItemProxy section */

/* Begin PBXFileReference section */
		464C01472C98C4EA000C4833 /* tick.mp3 */ = {isa = PBXFileReference; lastKnownFileType = audio.mp3; path = tick.mp3; sourceTree = "<group>"; };
		46A375B62C98BD020021136A /* Clock-SwiftUI.app */ = {isa = PBXFileReference; explicitFileType = wrapper.application; includeInIndex = 0; path = "Clock-SwiftUI.app"; sourceTree = BUILT_PRODUCTS_DIR; };
		46A375B92C98BD020021136A /* Clock_SwiftUIApp.swift */ = {isa = PBXFileReference; lastKnownFileType = sourcecode.swift; path = Clock_SwiftUIApp.swift; sourceTree = "<group>"; };
		46A375BB2C98BD020021136A /* ContentView.swift */ = {isa = PBXFileReference; lastKnownFileType = sourcecode.swift; path = ContentView.swift; sourceTree = "<group>"; };
		46A375BD2C98BD030021136A /* Assets.xcassets */ = {isa = PBXFileReference; lastKnownFileType = folder.assetcatalog; path = Assets.xcassets; sourceTree = "<group>"; };
		46A375BF2C98BD030021136A /* Clock_SwiftUI.entitlements */ = {isa = PBXFileReference; lastKnownFileType = text.plist.entitlements; path = Clock_SwiftUI.entitlements; sourceTree = "<group>"; };
		46A375C12C98BD030021136A /* Preview Assets.xcassets */ = {isa = PBXFileReference; lastKnownFileType = folder.assetcatalog; path = "Preview Assets.xcassets"; sourceTree = "<group>"; };
		46A375C72C98BD030021136A /* Clock-SwiftUITests.xctest */ = {isa = PBXFileReference; explicitFileType = wrapper.cfbundle; includeInIndex = 0; path = "Clock-SwiftUITests.xctest"; sourceTree = BUILT_PRODUCTS_DIR; };
		46A375CB2C98BD030021136A /* Clock_SwiftUITests.swift */ = {isa = PBXFileReference; lastKnownFileType = sourcecode.swift; path = Clock_SwiftUITests.swift; sourceTree = "<group>"; };
		46A375D12C98BD030021136A /* Clock-SwiftUIUITests.xctest */ = {isa = PBXFileReference; explicitFileType = wrapper.cfbundle; includeInIndex = 0; path = "Clock-SwiftUIUITests.xctest"; sourceTree = BUILT_PRODUCTS_DIR; };
		46A375D52C98BD030021136A /* Clock_SwiftUIUITests.swift */ = {isa = PBXFileReference; lastKnownFileType = sourcecode.swift; path = Clock_SwiftUIUITests.swift; sourceTree = "<group>"; };
		46A375D72C98BD030021136A /* Clock_SwiftUIUITestsLaunchTests.swift */ = {isa = PBXFileReference; lastKnownFileType = sourcecode.swift; path = Clock_SwiftUIUITestsLaunchTests.swift; sourceTree = "<group>"; };
/* End PBXFileReference section */

/* Begin PBXFrameworksBuildPhase section */
		46A375B32C98BD020021136A /* Frameworks */ = {
			isa = PBXFrameworksBuildPhase;
			buildActionMask = 2147483647;
			files = (
			);
			runOnlyForDeploymentPostprocessing = 0;
		};
		46A375C42C98BD030021136A /* Frameworks */ = {
			isa = PBXFrameworksBuildPhase;
			buildActionMask = 2147483647;
			files = (
			);
			runOnlyForDeploymentPostprocessing = 0;
		};
		46A375CE2C98BD030021136A /* Frameworks */ = {
			isa = PBXFrameworksBuildPhase;
			buildActionMask = 2147483647;
			files = (
			);
			runOnlyForDeploymentPostprocessing = 0;
		};
/* End PBXFrameworksBuildPhase section */

/* Begin PBXGroup section */
		46A375AD2C98BD020021136A = {
			isa = PBXGroup;
			children = (
				46A375B82C98BD020021136A /* Clock-SwiftUI */,
				46A375CA2C98BD030021136A /* Clock-SwiftUITests */,
				46A375D42C98BD030021136A /* Clock-SwiftUIUITests */,
				46A375B72C98BD020021136A /* Products */,
			);
			sourceTree = "<group>";
		};
		46A375B72C98BD020021136A /* Products */ = {
			isa = PBXGroup;
			children = (
				46A375B62C98BD020021136A /* Clock-SwiftUI.app */,
				46A375C72C98BD030021136A /* Clock-SwiftUITests.xctest */,
				46A375D12C98BD030021136A /* Clock-SwiftUIUITests.xctest */,
			);
			name = Products;
			sourceTree = "<group>";
		};
		46A375B82C98BD020021136A /* Clock-SwiftUI */ = {
			isa = PBXGroup;
			children = (
				46A375B92C98BD020021136A /* Clock_SwiftUIApp.swift */,
				46A375BB2C98BD020021136A /* ContentView.swift */,
				46A375BD2C98BD030021136A /* Assets.xcassets */,
				464C01472C98C4EA000C4833 /* tick.mp3 */,
				46A375BF2C98BD030021136A /* Clock_SwiftUI.entitlements */,
				46A375C02C98BD030021136A /* Preview Content */,
			);
			path = "Clock-SwiftUI";
			sourceTree = "<group>";
		};
		46A375C02C98BD030021136A /* Preview Content */ = {
			isa = PBXGroup;
			children = (
				46A375C12C98BD030021136A /* Preview Assets.xcassets */,
			);
			path = "Preview Content";
			sourceTree = "<group>";
		};
		46A375CA2C98BD030021136A /* Clock-SwiftUITests */ = {
			isa = PBXGroup;
			children = (
				46A375CB2C98BD030021136A /* Clock_SwiftUITests.swift */,
			);
			path = "Clock-SwiftUITests";
			sourceTree = "<group>";
		};
		46A375D42C98BD030021136A /* Clock-SwiftUIUITests */ = {
			isa = PBXGroup;
			children = (
				46A375D52C98BD030021136A /* Clock_SwiftUIUITests.swift */,
				46A375D72C98BD030021136A /* Clock_SwiftUIUITestsLaunchTests.swift */,
			);
			path = "Clock-SwiftUIUITests";
			sourceTree = "<group>";
		};
/* End PBXGroup section */

/* Begin PBXNativeTarget section */
		46A375B52C98BD020021136A /* Clock-SwiftUI */ = {
			isa = PBXNativeTarget;
			buildConfigurationList = 46A375DB2C98BD030021136A /* Build configuration list for PBXNativeTarget "Clock-SwiftUI" */;
			buildPhases = (
				46A375B22C98BD020021136A /* Sources */,
				46A375B32C98BD020021136A /* Frameworks */,
				46A375B42C98BD020021136A /* Resources */,
			);
			buildRules = (
			);
			dependencies = (
			);
			name = "Clock-SwiftUI";
			productName = "Clock-SwiftUI";
			productReference = 46A375B62C98BD020021136A /* Clock-SwiftUI.app */;
			productType = "com.apple.product-type.application";
		};
		46A375C62C98BD030021136A /* Clock-SwiftUITests */ = {
			isa = PBXNativeTarget;
			buildConfigurationList = 46A375DE2C98BD030021136A /* Build configuration list for PBXNativeTarget "Clock-SwiftUITests" */;
			buildPhases = (
				46A375C32C98BD030021136A /* Sources */,
				46A375C42C98BD030021136A /* Frameworks */,
				46A375C52C98BD030021136A /* Resources */,
			);
			buildRules = (
			);
			dependencies = (
				46A375C92C98BD030021136A /* PBXTargetDependency */,
			);
			name = "Clock-SwiftUITests";
			productName = "Clock-SwiftUITests";
			productReference = 46A375C72C98BD030021136A /* Clock-SwiftUITests.xctest */;
			productType = "com.apple.product-type.bundle.unit-test";
		};
		46A375D02C98BD030021136A /* Clock-SwiftUIUITests */ = {
			isa = PBXNativeTarget;
			buildConfigurationList = 46A375E12C98BD030021136A /* Build configuration list for PBXNativeTarget "Clock-SwiftUIUITests" */;
			buildPhases = (
				46A375CD2C98BD030021136A /* Sources */,
				46A375CE2C98BD030021136A /* Frameworks */,
				46A375CF2C98BD030021136A /* Resources */,
			);
			buildRules = (
			);
			dependencies = (
				46A375D32C98BD030021136A /* PBXTargetDependency */,
			);
			name = "Clock-SwiftUIUITests";
			productName = "Clock-SwiftUIUITests";
			productReference = 46A375D12C98BD030021136A /* Clock-SwiftUIUITests.xctest */;
			productType = "com.apple.product-type.bundle.ui-testing";
		};
/* End PBXNativeTarget section */

/* Begin PBXProject section */
		46A375AE2C98BD020021136A /* Project object */ = {
			isa = PBXProject;
			attributes = {
				BuildIndependentTargetsInParallel = 1;
				LastSwiftUpdateCheck = 1540;
				LastUpgradeCheck = 1540;
				TargetAttributes = {
					46A375B52C98BD020021136A = {
						CreatedOnToolsVersion = 15.4;
					};
					46A375C62C98BD030021136A = {
						CreatedOnToolsVersion = 15.4;
						TestTargetID = 46A375B52C98BD020021136A;
					};
					46A375D02C98BD030021136A = {
						CreatedOnToolsVersion = 15.4;
						TestTargetID = 46A375B52C98BD020021136A;
					};
				};
			};
			buildConfigurationList = 46A375B12C98BD020021136A /* Build configuration list for PBXProject "Clock-SwiftUI" */;
			compatibilityVersion = "Xcode 14.0";
			developmentRegion = en;
			hasScannedForEncodings = 0;
			knownRegions = (
				en,
				Base,
			);
			mainGroup = 46A375AD2C98BD020021136A;
			productRefGroup = 46A375B72C98BD020021136A /* Products */;
			projectDirPath = "";
			projectRoot = "";
			targets = (
				46A375B52C98BD020021136A /* Clock-SwiftUI */,
				46A375C62C98BD030021136A /* Clock-SwiftUITests */,
				46A375D02C98BD030021136A /* Clock-SwiftUIUITests */,
			);
		};
/* End PBXProject section */

/* Begin PBXResourcesBuildPhase section */
		46A375B42C98BD020021136A /* Resources */ = {
			isa = PBXResourcesBuildPhase;
			buildActionMask = 2147483647;
			files = (
				46A375C22C98BD030021136A /* Preview Assets.xcassets in Resources */,
				46A375BE2C98BD030021136A /* Assets.xcassets in Resources */,
				464C01482C98C4EA000C4833 /* tick.mp3 in Resources */,
			);
			runOnlyForDeploymentPostprocessing = 0;
		};
		46A375C52C98BD030021136A /* Resources */ = {
			isa = PBXResourcesBuildPhase;
			buildActionMask = 2147483647;
			files = (
			);
			runOnlyForDeploymentPostprocessing = 0;
		};
		46A375CF2C98BD030021136A /* Resources */ = {
			isa = PBXResourcesBuildPhase;
			buildActionMask = 2147483647;
			files = (
			);
			runOnlyForDeploymentPostprocessing = 0;
		};
/* End PBXResourcesBuildPhase section */

/* Begin PBXSourcesBuildPhase section */
		46A375B22C98BD020021136A /* Sources */ = {
			isa = PBXSourcesBuildPhase;
			buildActionMask = 2147483647;
			files = (
				46A375BC2C98BD020021136A /* ContentView.swift in Sources */,
				46A375BA2C98BD020021136A /* Clock_SwiftUIApp.swift in Sources */,
			);
			runOnlyForDeploymentPostprocessing = 0;
		};
		46A375C32C98BD030021136A /* Sources */ = {
			isa = PBXSourcesBuildPhase;
			buildActionMask = 2147483647;
			files = (
				46A375CC2C98BD030021136A /* Clock_SwiftUITests.swift in Sources */,
			);
			runOnlyForDeploymentPostprocessing = 0;
		};
		46A375CD2C98BD030021136A /* Sources */ = {
			isa = PBXSourcesBuildPhase;
			buildActionMask = 2147483647;
			files = (
				46A375D62C98BD030021136A /* Clock_SwiftUIUITests.swift in Sources */,
				46A375D82C98BD030021136A /* Clock_SwiftUIUITestsLaunchTests.swift in Sources */,
			);
			runOnlyForDeploymentPostprocessing = 0;
		};
/* End PBXSourcesBuildPhase section */

/* Begin PBXTargetDependency section */
		46A375C92C98BD030021136A /* PBXTargetDependency */ = {
			isa = PBXTargetDependency;
			target = 46A375B52C98BD020021136A /* Clock-SwiftUI */;
			targetProxy = 46A375C82C98BD030021136A /* PBXContainerItemProxy */;
		};
		46A375D32C98BD030021136A /* PBXTargetDependency */ = {
			isa = PBXTargetDependency;
			target = 46A375B52C98BD020021136A /* Clock-SwiftUI */;
			targetProxy = 46A375D22C98BD030021136A /* PBXContainerItemProxy */;
		};
/* End PBXTargetDependency section */

/* Begin XCBuildConfiguration section */
		46A375D92C98BD030021136A /* Debug */ = {
			isa = XCBuildConfiguration;
			buildSettings = {
				ALWAYS_SEARCH_USER_PATHS = NO;
				ASSETCATALOG_COMPILER_GENERATE_SWIFT_ASSET_SYMBOL_EXTENSIONS = YES;
				CLANG_ANALYZER_NONNULL = YES;
				CLANG_ANALYZER_NUMBER_OBJECT_CONVERSION = YES_AGGRESSIVE;
				CLANG_CXX_LANGUAGE_STANDARD = "gnu++20";
				CLANG_ENABLE_MODULES = YES;
				CLANG_ENABLE_OBJC_ARC = YES;
				CLANG_ENABLE_OBJC_WEAK = YES;
				CLANG_WARN_BLOCK_CAPTURE_AUTORELEASING = YES;
				CLANG_WARN_BOOL_CONVERSION = YES;
				CLANG_WARN_COMMA = YES;
				CLANG_WARN_CONSTANT_CONVERSION = YES;
				CLANG_WARN_DEPRECATED_OBJC_IMPLEMENTATIONS = YES;
				CLANG_WARN_DIRECT_OBJC_ISA_USAGE = YES_ERROR;
				CLANG_WARN_DOCUMENTATION_COMMENTS = YES;
				CLANG_WARN_EMPTY_BODY = YES;
				CLANG_WARN_ENUM_CONVERSION = YES;
				CLANG_WARN_INFINITE_RECURSION = YES;
				CLANG_WARN_INT_CONVERSION = YES;
				CLANG_WARN_NON_LITERAL_NULL_CONVERSION = YES;
				CLANG_WARN_OBJC_IMPLICIT_RETAIN_SELF = YES;
				CLANG_WARN_OBJC_LITERAL_CONVERSION = YES;
				CLANG_WARN_OBJC_ROOT_CLASS = YES_ERROR;
				CLANG_WARN_QUOTED_INCLUDE_IN_FRAMEWORK_HEADER = YES;
				CLANG_WARN_RANGE_LOOP_ANALYSIS = YES;
				CLANG_WARN_STRICT_PROTOTYPES = YES;
				CLANG_WARN_SUSPICIOUS_MOVE = YES;
				CLANG_WARN_UNGUARDED_AVAILABILITY = YES_AGGRESSIVE;
				CLANG_WARN_UNREACHABLE_CODE = YES;
				CLANG_WARN__DUPLICATE_METHOD_MATCH = YES;
				COPY_PHASE_STRIP = NO;
				DEBUG_INFORMATION_FORMAT = dwarf;
				ENABLE_STRICT_OBJC_MSGSEND = YES;
				ENABLE_TESTABILITY = YES;
				ENABLE_USER_SCRIPT_SANDBOXING = YES;
				GCC_C_LANGUAGE_STANDARD = gnu17;
				GCC_DYNAMIC_NO_PIC = NO;
				GCC_NO_COMMON_BLOCKS = YES;
				GCC_OPTIMIZATION_LEVEL = 0;
				GCC_PREPROCESSOR_DEFINITIONS = (
					"DEBUG=1",
					"$(inherited)",
				);
				GCC_WARN_64_TO_32_BIT_CONVERSION = YES;
				GCC_WARN_ABOUT_RETURN_TYPE = YES_ERROR;
				GCC_WARN_UNDECLARED_SELECTOR = YES;
				GCC_WARN_UNINITIALIZED_AUTOS = YES_AGGRESSIVE;
				GCC_WARN_UNUSED_FUNCTION = YES;
				GCC_WARN_UNUSED_VARIABLE = YES;
				LOCALIZATION_PREFERS_STRING_CATALOGS = YES;
				MTL_ENABLE_DEBUG_INFO = INCLUDE_SOURCE;
				MTL_FAST_MATH = YES;
				ONLY_ACTIVE_ARCH = YES;
				SWIFT_ACTIVE_COMPILATION_CONDITIONS = "DEBUG $(inherited)";
				SWIFT_OPTIMIZATION_LEVEL = "-Onone";
			};
			name = Debug;
		};
		46A375DA2C98BD030021136A /* Release */ = {
			isa = XCBuildConfiguration;
			buildSettings = {
				ALWAYS_SEARCH_USER_PATHS = NO;
				ASSETCATALOG_COMPILER_GENERATE_SWIFT_ASSET_SYMBOL_EXTENSIONS = YES;
				CLANG_ANALYZER_NONNULL = YES;
				CLANG_ANALYZER_NUMBER_OBJECT_CONVERSION = YES_AGGRESSIVE;
				CLANG_CXX_LANGUAGE_STANDARD = "gnu++20";
				CLANG_ENABLE_MODULES = YES;
				CLANG_ENABLE_OBJC_ARC = YES;
				CLANG_ENABLE_OBJC_WEAK = YES;
				CLANG_WARN_BLOCK_CAPTURE_AUTORELEASING = YES;
				CLANG_WARN_BOOL_CONVERSION = YES;
				CLANG_WARN_COMMA = YES;
				CLANG_WARN_CONSTANT_CONVERSION = YES;
				CLANG_WARN_DEPRECATED_OBJC_IMPLEMENTATIONS = YES;
				CLANG_WARN_DIRECT_OBJC_ISA_USAGE = YES_ERROR;
				CLANG_WARN_DOCUMENTATION_COMMENTS = YES;
				CLANG_WARN_EMPTY_BODY = YES;
				CLANG_WARN_ENUM_CONVERSION = YES;
				CLANG_WARN_INFINITE_RECURSION = YES;
				CLANG_WARN_INT_CONVERSION = YES;
				CLANG_WARN_NON_LITERAL_NULL_CONVERSION = YES;
				CLANG_WARN_OBJC_IMPLICIT_RETAIN_SELF = YES;
				CLANG_WARN_OBJC_LITERAL_CONVERSION = YES;
				CLANG_WARN_OBJC_ROOT_CLASS = YES_ERROR;
				CLANG_WARN_QUOTED_INCLUDE_IN_FRAMEWORK_HEADER = YES;
				CLANG_WARN_RANGE_LOOP_ANALYSIS = YES;
				CLANG_WARN_STRICT_PROTOTYPES = YES;
				CLANG_WARN_SUSPICIOUS_MOVE = YES;
				CLANG_WARN_UNGUARDED_AVAILABILITY = YES_AGGRESSIVE;
				CLANG_WARN_UNREACHABLE_CODE = YES;
				CLANG_WARN__DUPLICATE_METHOD_MATCH = YES;
				COPY_PHASE_STRIP = NO;
				DEBUG_INFORMATION_FORMAT = "dwarf-with-dsym";
				ENABLE_NS_ASSERTIONS = NO;
				ENABLE_STRICT_OBJC_MSGSEND = YES;
				ENABLE_USER_SCRIPT_SANDBOXING = YES;
				GCC_C_LANGUAGE_STANDARD = gnu17;
				GCC_NO_COMMON_BLOCKS = YES;
				GCC_WARN_64_TO_32_BIT_CONVERSION = YES;
				GCC_WARN_ABOUT_RETURN_TYPE = YES_ERROR;
				GCC_WARN_UNDECLARED_SELECTOR = YES;
				GCC_WARN_UNINITIALIZED_AUTOS = YES_AGGRESSIVE;
				GCC_WARN_UNUSED_FUNCTION = YES;
				GCC_WARN_UNUSED_VARIABLE = YES;
				LOCALIZATION_PREFERS_STRING_CATALOGS = YES;
				MTL_ENABLE_DEBUG_INFO = NO;
				MTL_FAST_MATH = YES;
				SWIFT_COMPILATION_MODE = wholemodule;
			};
			name = Release;
		};
		46A375DC2C98BD030021136A /* Debug */ = {
			isa = XCBuildConfiguration;
			buildSettings = {
				ASSETCATALOG_COMPILER_APPICON_NAME = AppIcon;
				ASSETCATALOG_COMPILER_GLOBAL_ACCENT_COLOR_NAME = AccentColor;
				CODE_SIGN_ENTITLEMENTS = "Clock-SwiftUI/Clock_SwiftUI.entitlements";
				CODE_SIGN_STYLE = Automatic;
				CURRENT_PROJECT_VERSION = 1;
				DEVELOPMENT_ASSET_PATHS = "\"Clock-SwiftUI/Preview Content\"";
				ENABLE_PREVIEWS = YES;
				GENERATE_INFOPLIST_FILE = YES;
				"INFOPLIST_KEY_UIApplicationSceneManifest_Generation[sdk=iphoneos*]" = YES;
				"INFOPLIST_KEY_UIApplicationSceneManifest_Generation[sdk=iphonesimulator*]" = YES;
				"INFOPLIST_KEY_UIApplicationSupportsIndirectInputEvents[sdk=iphoneos*]" = YES;
				"INFOPLIST_KEY_UIApplicationSupportsIndirectInputEvents[sdk=iphonesimulator*]" = YES;
				"INFOPLIST_KEY_UILaunchScreen_Generation[sdk=iphoneos*]" = YES;
				"INFOPLIST_KEY_UILaunchScreen_Generation[sdk=iphonesimulator*]" = YES;
				"INFOPLIST_KEY_UIStatusBarStyle[sdk=iphoneos*]" = UIStatusBarStyleDefault;
				"INFOPLIST_KEY_UIStatusBarStyle[sdk=iphonesimulator*]" = UIStatusBarStyleDefault;
				INFOPLIST_KEY_UISupportedInterfaceOrientations_iPad = "UIInterfaceOrientationPortrait UIInterfaceOrientationPortraitUpsideDown UIInterfaceOrientationLandscapeLeft UIInterfaceOrientationLandscapeRight";
				INFOPLIST_KEY_UISupportedInterfaceOrientations_iPhone = "UIInterfaceOrientationPortrait UIInterfaceOrientationLandscapeLeft UIInterfaceOrientationLandscapeRight";
				IPHONEOS_DEPLOYMENT_TARGET = 17.5;
				LD_RUNPATH_SEARCH_PATHS = "@executable_path/Frameworks";
				"LD_RUNPATH_SEARCH_PATHS[sdk=macosx*]" = "@executable_path/../Frameworks";
				MACOSX_DEPLOYMENT_TARGET = 14.3;
				MARKETING_VERSION = 1.0;
				PRODUCT_BUNDLE_IDENTIFIER = "ARMV.Clock-SwiftUI";
				PRODUCT_NAME = "$(TARGET_NAME)";
				SDKROOT = auto;
				SUPPORTED_PLATFORMS = "iphoneos iphonesimulator macosx";
				SWIFT_EMIT_LOC_STRINGS = YES;
				SWIFT_VERSION = 5.0;
				TARGETED_DEVICE_FAMILY = "1,2";
			};
			name = Debug;
		};
		46A375DD2C98BD030021136A /* Release */ = {
			isa = XCBuildConfiguration;
			buildSettings = {
				ASSETCATALOG_COMPILER_APPICON_NAME = AppIcon;
				ASSETCATALOG_COMPILER_GLOBAL_ACCENT_COLOR_NAME = AccentColor;
				CODE_SIGN_ENTITLEMENTS = "Clock-SwiftUI/Clock_SwiftUI.entitlements";
				CODE_SIGN_STYLE = Automatic;
				CURRENT_PROJECT_VERSION = 1;
				DEVELOPMENT_ASSET_PATHS = "\"Clock-SwiftUI/Preview Content\"";
				ENABLE_PREVIEWS = YES;
				GENERATE_INFOPLIST_FILE = YES;
				"INFOPLIST_KEY_UIApplicationSceneManifest_Generation[sdk=iphoneos*]" = YES;
				"INFOPLIST_KEY_UIApplicationSceneManifest_Generation[sdk=iphonesimulator*]" = YES;
				"INFOPLIST_KEY_UIApplicationSupportsIndirectInputEvents[sdk=iphoneos*]" = YES;
				"INFOPLIST_KEY_UIApplicationSupportsIndirectInputEvents[sdk=iphonesimulator*]" = YES;
				"INFOPLIST_KEY_UILaunchScreen_Generation[sdk=iphoneos*]" = YES;
				"INFOPLIST_KEY_UILaunchScreen_Generation[sdk=iphonesimulator*]" = YES;
				"INFOPLIST_KEY_UIStatusBarStyle[sdk=iphoneos*]" = UIStatusBarStyleDefault;
				"INFOPLIST_KEY_UIStatusBarStyle[sdk=iphonesimulator*]" = UIStatusBarStyleDefault;
				INFOPLIST_KEY_UISupportedInterfaceOrientations_iPad = "UIInterfaceOrientationPortrait UIInterfaceOrientationPortraitUpsideDown UIInterfaceOrientationLandscapeLeft UIInterfaceOrientationLandscapeRight";
				INFOPLIST_KEY_UISupportedInterfaceOrientations_iPhone = "UIInterfaceOrientationPortrait UIInterfaceOrientationLandscapeLeft UIInterfaceOrientationLandscapeRight";
				IPHONEOS_DEPLOYMENT_TARGET = 17.5;
				LD_RUNPATH_SEARCH_PATHS = "@executable_path/Frameworks";
				"LD_RUNPATH_SEARCH_PATHS[sdk=macosx*]" = "@executable_path/../Frameworks";
				MACOSX_DEPLOYMENT_TARGET = 14.3;
				MARKETING_VERSION = 1.0;
				PRODUCT_BUNDLE_IDENTIFIER = "ARMV.Clock-SwiftUI";
				PRODUCT_NAME = "$(TARGET_NAME)";
				SDKROOT = auto;
				SUPPORTED_PLATFORMS = "iphoneos iphonesimulator macosx";
				SWIFT_EMIT_LOC_STRINGS = YES;
				SWIFT_VERSION = 5.0;
				TARGETED_DEVICE_FAMILY = "1,2";
			};
			name = Release;
		};
		46A375DF2C98BD030021136A /* Debug */ = {
			isa = XCBuildConfiguration;
			buildSettings = {
				ALWAYS_EMBED_SWIFT_STANDARD_LIBRARIES = YES;
				BUNDLE_LOADER = "$(TEST_HOST)";
				CODE_SIGN_STYLE = Automatic;
				CURRENT_PROJECT_VERSION = 1;
				GENERATE_INFOPLIST_FILE = YES;
				IPHONEOS_DEPLOYMENT_TARGET = 17.5;
				MACOSX_DEPLOYMENT_TARGET = 14.3;
				MARKETING_VERSION = 1.0;
				PRODUCT_BUNDLE_IDENTIFIER = "ARMV.Clock-SwiftUITests";
				PRODUCT_NAME = "$(TARGET_NAME)";
				SDKROOT = auto;
				SUPPORTED_PLATFORMS = "iphoneos iphonesimulator macosx";
				SWIFT_EMIT_LOC_STRINGS = NO;
				SWIFT_VERSION = 5.0;
				TARGETED_DEVICE_FAMILY = "1,2";
				TEST_HOST = "$(BUILT_PRODUCTS_DIR)/Clock-SwiftUI.app/$(BUNDLE_EXECUTABLE_FOLDER_PATH)/Clock-SwiftUI";
			};
			name = Debug;
		};
		46A375E02C98BD030021136A /* Release */ = {
			isa = XCBuildConfiguration;
			buildSettings = {
				ALWAYS_EMBED_SWIFT_STANDARD_LIBRARIES = YES;
				BUNDLE_LOADER = "$(TEST_HOST)";
				CODE_SIGN_STYLE = Automatic;
				CURRENT_PROJECT_VERSION = 1;
				GENERATE_INFOPLIST_FILE = YES;
				IPHONEOS_DEPLOYMENT_TARGET = 17.5;
				MACOSX_DEPLOYMENT_TARGET = 14.3;
				MARKETING_VERSION = 1.0;
				PRODUCT_BUNDLE_IDENTIFIER = "ARMV.Clock-SwiftUITests";
				PRODUCT_NAME = "$(TARGET_NAME)";
				SDKROOT = auto;
				SUPPORTED_PLATFORMS = "iphoneos iphonesimulator macosx";
				SWIFT_EMIT_LOC_STRINGS = NO;
				SWIFT_VERSION = 5.0;
				TARGETED_DEVICE_FAMILY = "1,2";
				TEST_HOST = "$(BUILT_PRODUCTS_DIR)/Clock-SwiftUI.app/$(BUNDLE_EXECUTABLE_FOLDER_PATH)/Clock-SwiftUI";
			};
			name = Release;
		};
		46A375E22C98BD030021136A /* Debug */ = {
			isa = XCBuildConfiguration;
			buildSettings = {
				ALWAYS_EMBED_SWIFT_STANDARD_LIBRARIES = YES;
				CODE_SIGN_STYLE = Automatic;
				CURRENT_PROJECT_VERSION = 1;
				GENERATE_INFOPLIST_FILE = YES;
				IPHONEOS_DEPLOYMENT_TARGET = 17.5;
				MACOSX_DEPLOYMENT_TARGET = 14.3;
				MARKETING_VERSION = 1.0;
				PRODUCT_BUNDLE_IDENTIFIER = "ARMV.Clock-SwiftUIUITests";
				PRODUCT_NAME = "$(TARGET_NAME)";
				SDKROOT = auto;
				SUPPORTED_PLATFORMS = "iphoneos iphonesimulator macosx";
				SWIFT_EMIT_LOC_STRINGS = NO;
				SWIFT_VERSION = 5.0;
				TARGETED_DEVICE_FAMILY = "1,2";
				TEST_TARGET_NAME = "Clock-SwiftUI";
			};
			name = Debug;
		};
		46A375E32C98BD030021136A /* Release */ = {
			isa = XCBuildConfiguration;
			buildSettings = {
				ALWAYS_EMBED_SWIFT_STANDARD_LIBRARIES = YES;
				CODE_SIGN_STYLE = Automatic;
				CURRENT_PROJECT_VERSION = 1;
				GENERATE_INFOPLIST_FILE = YES;
				IPHONEOS_DEPLOYMENT_TARGET = 17.5;
				MACOSX_DEPLOYMENT_TARGET = 14.3;
				MARKETING_VERSION = 1.0;
				PRODUCT_BUNDLE_IDENTIFIER = "ARMV.Clock-SwiftUIUITests";
				PRODUCT_NAME = "$(TARGET_NAME)";
				SDKROOT = auto;
				SUPPORTED_PLATFORMS = "iphoneos iphonesimulator macosx";
				SWIFT_EMIT_LOC_STRINGS = NO;
				SWIFT_VERSION = 5.0;
				TARGETED_DEVICE_FAMILY = "1,2";
				TEST_TARGET_NAME = "Clock-SwiftUI";
			};
			name = Release;
		};
/* End XCBuildConfiguration section */

/* Begin XCConfigurationList section */
		46A375B12C98BD020021136A /* Build configuration list for PBXProject "Clock-SwiftUI" */ = {
			isa = XCConfigurationList;
			buildConfigurations = (
				46A375D92C98BD030021136A /* Debug */,
				46A375DA2C98BD030021136A /* Release */,
			);
			defaultConfigurationIsVisible = 0;
			defaultConfigurationName = Release;
		};
		46A375DB2C98BD030021136A /* Build configuration list for PBXNativeTarget "Clock-SwiftUI" */ = {
			isa = XCConfigurationList;
			buildConfigurations = (
				46A375DC2C98BD030021136A /* Debug */,
				46A375DD2C98BD030021136A /* Release */,
			);
			defaultConfigurationIsVisible = 0;
			defaultConfigurationName = Release;
		};
		46A375DE2C98BD030021136A /* Build configuration list for PBXNativeTarget "Clock-SwiftUITests" */ = {
			isa = XCConfigurationList;
			buildConfigurations = (
				46A375DF2C98BD030021136A /* Debug */,
				46A375E02C98BD030021136A /* Release */,
			);
			defaultConfigurationIsVisible = 0;
			defaultConfigurationName = Release;
		};
		46A375E12C98BD030021136A /* Build configuration list for PBXNativeTarget "Clock-SwiftUIUITests" */ = {
			isa = XCConfigurationList;
			buildConfigurations = (
				46A375E22C98BD030021136A /* Debug */,
				46A375E32C98BD030021136A /* Release */,
			);
			defaultConfigurationIsVisible = 0;
			defaultConfigurationName = Release;
		};
/* End XCConfigurationList section */
	};
	rootObject = 46A375AE2C98BD020021136A /* Project object */;
}
